
Microsoft Visual Studio Solution File, Format Version 12.00
# Visual Studio Version 17
VisualStudioVersion = 17.0.31919.166
MinimumVisualStudioVersion = 10.0.40219.1
Project("{FAE04EC0-301F-11D3-BF4B-00C04F79EFBC}") = "NITYO PROJECT", "MDI\NITYO PROJECT.csproj", "{D47FD727-ECFF-45D2-BFAF-FE8C12EA6B34}"
EndProject
Global
	GlobalSection(SolutionConfigurationPlatforms) = preSolution
		Debug|x86 = Debug|x86
		Release|x86 = Release|x86
	EndGlobalSection
	GlobalSection(ProjectConfigurationPlatforms) = postSolution
		{D47FD727-ECFF-45D2-BFAF-FE8C12EA6B34}.Debug|x86.ActiveCfg = Debug|x86
		{D47FD727-ECFF-45D2-BFAF-FE8C12EA6B34}.Debug|x86.Build.0 = Debug|x86
		{D47FD727-ECFF-45D2-BFAF-FE8C12EA6B34}.Release|x86.ActiveCfg = Release|x86
		{D47FD727-ECFF-45D2-BFAF-FE8C12EA6B34}.Release|x86.Build.0 = Release|x86
	EndGlobalSection
	GlobalSection(SolutionProperties) = preSolution
		HideSolutionNode = FALSE
	EndGlobalSection
	GlobalSection(ExtensibilityGlobals) = postSolution
		SolutionGuid = {3FBBA302-A386-46D3-B547-7FB65928B833}
	EndGlobalSection
EndGlobal
